
Microsoft Visual Studio Solution File, Format Version 12.00
# Visual Studio 2013
VisualStudioVersion = 12.0.31101.0
MinimumVisualStudioVersion = 10.0.40219.1
Project("{FAE04EC0-301F-11D3-BF4B-00C04F79EFBC}") = "RedBit.Samples.GZip.WinPhone", "RedBit.Samples.GZip\RedBit.Samples.GZip.WinPhone\RedBit.Samples.GZip.WinPhone.csproj", "{26E05524-E076-4F0C-A023-D7881D0F6D21}"
EndProject
Project("{FAE04EC0-301F-11D3-BF4B-00C04F79EFBC}") = "RedBit.Samples.GZip.iOS", "RedBit.Samples.GZip\RedBit.Samples.GZip.iOS\RedBit.Samples.GZip.iOS.csproj", "{A8A05943-B1DA-4AAB-864A-CB580B26E66E}"
EndProject
Project("{FAE04EC0-301F-11D3-BF4B-00C04F79EFBC}") = "RedBit.Samples.GZip.Droid", "RedBit.Samples.GZip\RedBit.Samples.GZip.Droid\RedBit.Samples.GZip.Droid.csproj", "{ED555819-88F5-41D9-81D5-A30709E1DC16}"
EndProject
Project("{D954291E-2A0B-460D-934E-DC6B0785DB48}") = "RedBit.Samples.GZip", "RedBit.Samples.GZip\RedBit.Samples.GZip\RedBit.Samples.GZip.shproj", "{AA44FEB1-FE24-4D94-AF3C-2B07BA60A7F7}"
EndProject
Global
	GlobalSection(SharedMSBuildProjectFiles) = preSolution
		RedBit.Samples.GZip\RedBit.Samples.GZip\RedBit.Samples.GZip.projitems*{ed555819-88f5-41d9-81d5-a30709e1dc16}*SharedItemsImports = 4
		RedBit.Samples.GZip\RedBit.Samples.GZip\RedBit.Samples.GZip.projitems*{a8a05943-b1da-4aab-864a-cb580b26e66e}*SharedItemsImports = 4
		RedBit.Samples.GZip\RedBit.Samples.GZip\RedBit.Samples.GZip.projitems*{26e05524-e076-4f0c-a023-d7881d0f6d21}*SharedItemsImports = 4
		RedBit.Samples.GZip\RedBit.Samples.GZip\RedBit.Samples.GZip.projitems*{aa44feb1-fe24-4d94-af3c-2b07ba60a7f7}*SharedItemsImports = 13
	EndGlobalSection
	GlobalSection(SolutionConfigurationPlatforms) = preSolution
		Ad-Hoc|Any CPU = Ad-Hoc|Any CPU
		Ad-Hoc|ARM = Ad-Hoc|ARM
		Ad-Hoc|iPhone = Ad-Hoc|iPhone
		Ad-Hoc|iPhoneSimulator = Ad-Hoc|iPhoneSimulator
		Ad-Hoc|Mixed Platforms = Ad-Hoc|Mixed Platforms
		Ad-Hoc|x86 = Ad-Hoc|x86
		AppStore|Any CPU = AppStore|Any CPU
		AppStore|ARM = AppStore|ARM
		AppStore|iPhone = AppStore|iPhone
		AppStore|iPhoneSimulator = AppStore|iPhoneSimulator
		AppStore|Mixed Platforms = AppStore|Mixed Platforms
		AppStore|x86 = AppStore|x86
		Debug|Any CPU = Debug|Any CPU
		Debug|ARM = Debug|ARM
		Debug|iPhone = Debug|iPhone
		Debug|iPhoneSimulator = Debug|iPhoneSimulator
		Debug|Mixed Platforms = Debug|Mixed Platforms
		Debug|x86 = Debug|x86
		Release|Any CPU = Release|Any CPU
		Release|ARM = Release|ARM
		Release|iPhone = Release|iPhone
		Release|iPhoneSimulator = Release|iPhoneSimulator
		Release|Mixed Platforms = Release|Mixed Platforms
		Release|x86 = Release|x86
	EndGlobalSection
	GlobalSection(ProjectConfigurationPlatforms) = postSolution
		{26E05524-E076-4F0C-A023-D7881D0F6D21}.Ad-Hoc|Any CPU.ActiveCfg = Release|Any CPU
		{26E05524-E076-4F0C-A023-D7881D0F6D21}.Ad-Hoc|Any CPU.Build.0 = Release|Any CPU
		{26E05524-E076-4F0C-A023-D7881D0F6D21}.Ad-Hoc|Any CPU.Deploy.0 = Release|Any CPU
		{26E05524-E076-4F0C-A023-D7881D0F6D21}.Ad-Hoc|ARM.ActiveCfg = Release|ARM
		{26E05524-E076-4F0C-A023-D7881D0F6D21}.Ad-Hoc|ARM.Build.0 = Release|ARM
		{26E05524-E076-4F0C-A023-D7881D0F6D21}.Ad-Hoc|ARM.Deploy.0 = Release|ARM
		{26E05524-E076-4F0C-A023-D7881D0F6D21}.Ad-Hoc|iPhone.ActiveCfg = Release|Any CPU
		{26E05524-E076-4F0C-A023-D7881D0F6D21}.Ad-Hoc|iPhoneSimulator.ActiveCfg = Release|Any CPU
		{26E05524-E076-4F0C-A023-D7881D0F6D21}.Ad-Hoc|Mixed Platforms.ActiveCfg = Release|x86
		{26E05524-E076-4F0C-A023-D7881D0F6D21}.Ad-Hoc|Mixed Platforms.Build.0 = Release|x86
		{26E05524-E076-4F0C-A023-D7881D0F6D21}.Ad-Hoc|Mixed Platforms.Deploy.0 = Release|x86
		{26E05524-E076-4F0C-A023-D7881D0F6D21}.Ad-Hoc|x86.ActiveCfg = Release|x86
		{26E05524-E076-4F0C-A023-D7881D0F6D21}.Ad-Hoc|x86.Build.0 = Release|x86
		{26E05524-E076-4F0C-A023-D7881D0F6D21}.Ad-Hoc|x86.Deploy.0 = Release|x86
		{26E05524-E076-4F0C-A023-D7881D0F6D21}.AppStore|Any CPU.ActiveCfg = Release|Any CPU
		{26E05524-E076-4F0C-A023-D7881D0F6D21}.AppStore|Any CPU.Build.0 = Release|Any CPU
		{26E05524-E076-4F0C-A023-D7881D0F6D21}.AppStore|Any CPU.Deploy.0 = Release|Any CPU
		{26E05524-E076-4F0C-A023-D7881D0F6D21}.AppStore|ARM.ActiveCfg = Release|ARM
		{26E05524-E076-4F0C-A023-D7881D0F6D21}.AppStore|ARM.Build.0 = Release|ARM
		{26E05524-E076-4F0C-A023-D7881D0F6D21}.AppStore|ARM.Deploy.0 = Release|ARM
		{26E05524-E076-4F0C-A023-D7881D0F6D21}.AppStore|iPhone.ActiveCfg = Release|Any CPU
		{26E05524-E076-4F0C-A023-D7881D0F6D21}.AppStore|iPhoneSimulator.ActiveCfg = Release|Any CPU
		{26E05524-E076-4F0C-A023-D7881D0F6D21}.AppStore|Mixed Platforms.ActiveCfg = Release|x86
		{26E05524-E076-4F0C-A023-D7881D0F6D21}.AppStore|Mixed Platforms.Build.0 = Release|x86
		{26E05524-E076-4F0C-A023-D7881D0F6D21}.AppStore|Mixed Platforms.Deploy.0 = Release|x86
		{26E05524-E076-4F0C-A023-D7881D0F6D21}.AppStore|x86.ActiveCfg = Release|x86
		{26E05524-E076-4F0C-A023-D7881D0F6D21}.AppStore|x86.Build.0 = Release|x86
		{26E05524-E076-4F0C-A023-D7881D0F6D21}.AppStore|x86.Deploy.0 = Release|x86
		{26E05524-E076-4F0C-A023-D7881D0F6D21}.Debug|Any CPU.ActiveCfg = Debug|Any CPU
		{26E05524-E076-4F0C-A023-D7881D0F6D21}.Debug|Any CPU.Build.0 = Debug|Any CPU
		{26E05524-E076-4F0C-A023-D7881D0F6D21}.Debug|Any CPU.Deploy.0 = Debug|Any CPU
		{26E05524-E076-4F0C-A023-D7881D0F6D21}.Debug|ARM.ActiveCfg = Debug|ARM
		{26E05524-E076-4F0C-A023-D7881D0F6D21}.Debug|ARM.Build.0 = Debug|ARM
		{26E05524-E076-4F0C-A023-D7881D0F6D21}.Debug|ARM.Deploy.0 = Debug|ARM
		{26E05524-E076-4F0C-A023-D7881D0F6D21}.Debug|iPhone.ActiveCfg = Debug|Any CPU
		{26E05524-E076-4F0C-A023-D7881D0F6D21}.Debug|iPhoneSimulator.ActiveCfg = Debug|Any CPU
		{26E05524-E076-4F0C-A023-D7881D0F6D21}.Debug|Mixed Platforms.ActiveCfg = Debug|x86
		{26E05524-E076-4F0C-A023-D7881D0F6D21}.Debug|Mixed Platforms.Build.0 = Debug|x86
		{26E05524-E076-4F0C-A023-D7881D0F6D21}.Debug|Mixed Platforms.Deploy.0 = Debug|x86
		{26E05524-E076-4F0C-A023-D7881D0F6D21}.Debug|x86.ActiveCfg = Debug|x86
		{26E05524-E076-4F0C-A023-D7881D0F6D21}.Debug|x86.Build.0 = Debug|x86
		{26E05524-E076-4F0C-A023-D7881D0F6D21}.Debug|x86.Deploy.0 = Debug|x86
		{26E05524-E076-4F0C-A023-D7881D0F6D21}.Release|Any CPU.ActiveCfg = Release|Any CPU
		{26E05524-E076-4F0C-A023-D7881D0F6D21}.Release|Any CPU.Build.0 = Release|Any CPU
		{26E05524-E076-4F0C-A023-D7881D0F6D21}.Release|Any CPU.Deploy.0 = Release|Any CPU
		{26E05524-E076-4F0C-A023-D7881D0F6D21}.Release|ARM.ActiveCfg = Release|ARM
		{26E05524-E076-4F0C-A023-D7881D0F6D21}.Release|ARM.Build.0 = Release|ARM
		{26E05524-E076-4F0C-A023-D7881D0F6D21}.Release|ARM.Deploy.0 = Release|ARM
		{26E05524-E076-4F0C-A023-D7881D0F6D21}.Release|iPhone.ActiveCfg = Release|Any CPU
		{26E05524-E076-4F0C-A023-D7881D0F6D21}.Release|iPhoneSimulator.ActiveCfg = Release|Any CPU
		{26E05524-E076-4F0C-A023-D7881D0F6D21}.Release|Mixed Platforms.ActiveCfg = Release|x86
		{26E05524-E076-4F0C-A023-D7881D0F6D21}.Release|Mixed Platforms.Build.0 = Release|x86
		{26E05524-E076-4F0C-A023-D7881D0F6D21}.Release|Mixed Platforms.Deploy.0 = Release|x86
		{26E05524-E076-4F0C-A023-D7881D0F6D21}.Release|x86.ActiveCfg = Release|x86
		{26E05524-E076-4F0C-A023-D7881D0F6D21}.Release|x86.Build.0 = Release|x86
		{26E05524-E076-4F0C-A023-D7881D0F6D21}.Release|x86.Deploy.0 = Release|x86
		{A8A05943-B1DA-4AAB-864A-CB580B26E66E}.Ad-Hoc|Any CPU.ActiveCfg = Ad-Hoc|iPhone
		{A8A05943-B1DA-4AAB-864A-CB580B26E66E}.Ad-Hoc|ARM.ActiveCfg = Ad-Hoc|iPhone
		{A8A05943-B1DA-4AAB-864A-CB580B26E66E}.Ad-Hoc|iPhone.ActiveCfg = Ad-Hoc|iPhone
		{A8A05943-B1DA-4AAB-864A-CB580B26E66E}.Ad-Hoc|iPhone.Build.0 = Ad-Hoc|iPhone
		{A8A05943-B1DA-4AAB-864A-CB580B26E66E}.Ad-Hoc|iPhoneSimulator.ActiveCfg = Ad-Hoc|iPhoneSimulator
		{A8A05943-B1DA-4AAB-864A-CB580B26E66E}.Ad-Hoc|iPhoneSimulator.Build.0 = Ad-Hoc|iPhoneSimulator
		{A8A05943-B1DA-4AAB-864A-CB580B26E66E}.Ad-Hoc|Mixed Platforms.ActiveCfg = Ad-Hoc|iPhone
		{A8A05943-B1DA-4AAB-864A-CB580B26E66E}.Ad-Hoc|Mixed Platforms.Build.0 = Ad-Hoc|iPhone
		{A8A05943-B1DA-4AAB-864A-CB580B26E66E}.Ad-Hoc|x86.ActiveCfg = Ad-Hoc|iPhone
		{A8A05943-B1DA-4AAB-864A-CB580B26E66E}.AppStore|Any CPU.ActiveCfg = AppStore|iPhone
		{A8A05943-B1DA-4AAB-864A-CB580B26E66E}.AppStore|ARM.ActiveCfg = AppStore|iPhone
		{A8A05943-B1DA-4AAB-864A-CB580B26E66E}.AppStore|iPhone.ActiveCfg = AppStore|iPhone
		{A8A05943-B1DA-4AAB-864A-CB580B26E66E}.AppStore|iPhone.Build.0 = AppStore|iPhone
		{A8A05943-B1DA-4AAB-864A-CB580B26E66E}.AppStore|iPhoneSimulator.ActiveCfg = AppStore|iPhoneSimulator
		{A8A05943-B1DA-4AAB-864A-CB580B26E66E}.AppStore|iPhoneSimulator.Build.0 = AppStore|iPhoneSimulator
		{A8A05943-B1DA-4AAB-864A-CB580B26E66E}.AppStore|Mixed Platforms.ActiveCfg = AppStore|iPhone
		{A8A05943-B1DA-4AAB-864A-CB580B26E66E}.AppStore|Mixed Platforms.Build.0 = AppStore|iPhone
		{A8A05943-B1DA-4AAB-864A-CB580B26E66E}.AppStore|x86.ActiveCfg = AppStore|iPhone
		{A8A05943-B1DA-4AAB-864A-CB580B26E66E}.Debug|Any CPU.ActiveCfg = Debug|iPhone
		{A8A05943-B1DA-4AAB-864A-CB580B26E66E}.Debug|ARM.ActiveCfg = Debug|iPhone
		{A8A05943-B1DA-4AAB-864A-CB580B26E66E}.Debug|iPhone.ActiveCfg = Debug|iPhone
		{A8A05943-B1DA-4AAB-864A-CB580B26E66E}.Debug|iPhone.Build.0 = Debug|iPhone
		{A8A05943-B1DA-4AAB-864A-CB580B26E66E}.Debug|iPhoneSimulator.ActiveCfg = Debug|iPhoneSimulator
		{A8A05943-B1DA-4AAB-864A-CB580B26E66E}.Debug|iPhoneSimulator.Build.0 = Debug|iPhoneSimulator
		{A8A05943-B1DA-4AAB-864A-CB580B26E66E}.Debug|Mixed Platforms.ActiveCfg = Debug|iPhone
		{A8A05943-B1DA-4AAB-864A-CB580B26E66E}.Debug|Mixed Platforms.Build.0 = Debug|iPhone
		{A8A05943-B1DA-4AAB-864A-CB580B26E66E}.Debug|x86.ActiveCfg = Debug|iPhone
		{A8A05943-B1DA-4AAB-864A-CB580B26E66E}.Release|Any CPU.ActiveCfg = Release|iPhone
		{A8A05943-B1DA-4AAB-864A-CB580B26E66E}.Release|ARM.ActiveCfg = Release|iPhone
		{A8A05943-B1DA-4AAB-864A-CB580B26E66E}.Release|iPhone.ActiveCfg = Release|iPhone
		{A8A05943-B1DA-4AAB-864A-CB580B26E66E}.Release|iPhone.Build.0 = Release|iPhone
		{A8A05943-B1DA-4AAB-864A-CB580B26E66E}.Release|iPhoneSimulator.ActiveCfg = Release|iPhoneSimulator
		{A8A05943-B1DA-4AAB-864A-CB580B26E66E}.Release|iPhoneSimulator.Build.0 = Release|iPhoneSimulator
		{A8A05943-B1DA-4AAB-864A-CB580B26E66E}.Release|Mixed Platforms.ActiveCfg = Release|iPhone
		{A8A05943-B1DA-4AAB-864A-CB580B26E66E}.Release|Mixed Platforms.Build.0 = Release|iPhone
		{A8A05943-B1DA-4AAB-864A-CB580B26E66E}.Release|x86.ActiveCfg = Release|iPhone
		{ED555819-88F5-41D9-81D5-A30709E1DC16}.Ad-Hoc|Any CPU.ActiveCfg = Release|Any CPU
		{ED555819-88F5-41D9-81D5-A30709E1DC16}.Ad-Hoc|Any CPU.Build.0 = Release|Any CPU
		{ED555819-88F5-41D9-81D5-A30709E1DC16}.Ad-Hoc|Any CPU.Deploy.0 = Release|Any CPU
		{ED555819-88F5-41D9-81D5-A30709E1DC16}.Ad-Hoc|ARM.ActiveCfg = Release|Any CPU
		{ED555819-88F5-41D9-81D5-A30709E1DC16}.Ad-Hoc|iPhone.ActiveCfg = Release|Any CPU
		{ED555819-88F5-41D9-81D5-A30709E1DC16}.Ad-Hoc|iPhoneSimulator.ActiveCfg = Release|Any CPU
		{ED555819-88F5-41D9-81D5-A30709E1DC16}.Ad-Hoc|Mixed Platforms.ActiveCfg = Release|Any CPU
		{ED555819-88F5-41D9-81D5-A30709E1DC16}.Ad-Hoc|Mixed Platforms.Build.0 = Release|Any CPU
		{ED555819-88F5-41D9-81D5-A30709E1DC16}.Ad-Hoc|Mixed Platforms.Deploy.0 = Release|Any CPU
		{ED555819-88F5-41D9-81D5-A30709E1DC16}.Ad-Hoc|x86.ActiveCfg = Release|Any CPU
		{ED555819-88F5-41D9-81D5-A30709E1DC16}.AppStore|Any CPU.ActiveCfg = Release|Any CPU
		{ED555819-88F5-41D9-81D5-A30709E1DC16}.AppStore|Any CPU.Build.0 = Release|Any CPU
		{ED555819-88F5-41D9-81D5-A30709E1DC16}.AppStore|Any CPU.Deploy.0 = Release|Any CPU
		{ED555819-88F5-41D9-81D5-A30709E1DC16}.AppStore|ARM.ActiveCfg = Release|Any CPU
		{ED555819-88F5-41D9-81D5-A30709E1DC16}.AppStore|iPhone.ActiveCfg = Release|Any CPU
		{ED555819-88F5-41D9-81D5-A30709E1DC16}.AppStore|iPhoneSimulator.ActiveCfg = Release|Any CPU
		{ED555819-88F5-41D9-81D5-A30709E1DC16}.AppStore|Mixed Platforms.ActiveCfg = Release|Any CPU
		{ED555819-88F5-41D9-81D5-A30709E1DC16}.AppStore|Mixed Platforms.Build.0 = Release|Any CPU
		{ED555819-88F5-41D9-81D5-A30709E1DC16}.AppStore|Mixed Platforms.Deploy.0 = Release|Any CPU
		{ED555819-88F5-41D9-81D5-A30709E1DC16}.AppStore|x86.ActiveCfg = Release|Any CPU
		{ED555819-88F5-41D9-81D5-A30709E1DC16}.Debug|Any CPU.ActiveCfg = Debug|Any CPU
		{ED555819-88F5-41D9-81D5-A30709E1DC16}.Debug|Any CPU.Build.0 = Debug|Any CPU
		{ED555819-88F5-41D9-81D5-A30709E1DC16}.Debug|Any CPU.Deploy.0 = Debug|Any CPU
		{ED555819-88F5-41D9-81D5-A30709E1DC16}.Debug|ARM.ActiveCfg = Debug|Any CPU
		{ED555819-88F5-41D9-81D5-A30709E1DC16}.Debug|iPhone.ActiveCfg = Debug|Any CPU
		{ED555819-88F5-41D9-81D5-A30709E1DC16}.Debug|iPhoneSimulator.ActiveCfg = Debug|Any CPU
		{ED555819-88F5-41D9-81D5-A30709E1DC16}.Debug|Mixed Platforms.ActiveCfg = Debug|Any CPU
		{ED555819-88F5-41D9-81D5-A30709E1DC16}.Debug|Mixed Platforms.Build.0 = Debug|Any CPU
		{ED555819-88F5-41D9-81D5-A30709E1DC16}.Debug|Mixed Platforms.Deploy.0 = Debug|Any CPU
		{ED555819-88F5-41D9-81D5-A30709E1DC16}.Debug|x86.ActiveCfg = Debug|Any CPU
		{ED555819-88F5-41D9-81D5-A30709E1DC16}.Release|Any CPU.ActiveCfg = Release|Any CPU
		{ED555819-88F5-41D9-81D5-A30709E1DC16}.Release|Any CPU.Build.0 = Release|Any CPU
		{ED555819-88F5-41D9-81D5-A30709E1DC16}.Release|Any CPU.Deploy.0 = Release|Any CPU
		{ED555819-88F5-41D9-81D5-A30709E1DC16}.Release|ARM.ActiveCfg = Release|Any CPU
		{ED555819-88F5-41D9-81D5-A30709E1DC16}.Release|iPhone.ActiveCfg = Release|Any CPU
		{ED555819-88F5-41D9-81D5-A30709E1DC16}.Release|iPhoneSimulator.ActiveCfg = Release|Any CPU
		{ED555819-88F5-41D9-81D5-A30709E1DC16}.Release|Mixed Platforms.ActiveCfg = Release|Any CPU
		{ED555819-88F5-41D9-81D5-A30709E1DC16}.Release|Mixed Platforms.Build.0 = Release|Any CPU
		{ED555819-88F5-41D9-81D5-A30709E1DC16}.Release|Mixed Platforms.Deploy.0 = Release|Any CPU
		{ED555819-88F5-41D9-81D5-A30709E1DC16}.Release|x86.ActiveCfg = Release|Any CPU
	EndGlobalSection
	GlobalSection(SolutionProperties) = preSolution
		HideSolutionNode = FALSE
	EndGlobalSection
EndGlobal
